
Microsoft Visual Studio Solution File, Format Version 12.00
# Visual Studio Version 17
VisualStudioVersion = 17.7.34202.233
MinimumVisualStudioVersion = 10.0.40219.1
Project("{FAE04EC0-301F-11D3-BF4B-00C04F79EFBC}") = "NetflixApi", "NetflixApi\NetflixApi.csproj", "{C761D0F7-332D-4844-B93B-A825E2AB318B}"
EndProject
Global
	GlobalSection(SolutionConfigurationPlatforms) = preSolution
		Debug|Any CPU = Debug|Any CPU
		Release|Any CPU = Release|Any CPU
	EndGlobalSection
	GlobalSection(ProjectConfigurationPlatforms) = postSolution
		{C761D0F7-332D-4844-B93B-A825E2AB318B}.Debug|Any CPU.ActiveCfg = Debug|Any CPU
		{C761D0F7-332D-4844-B93B-A825E2AB318B}.Debug|Any CPU.Build.0 = Debug|Any CPU
		{C761D0F7-332D-4844-B93B-A825E2AB318B}.Release|Any CPU.ActiveCfg = Release|Any CPU
		{C761D0F7-332D-4844-B93B-A825E2AB318B}.Release|Any CPU.Build.0 = Release|Any CPU
	EndGlobalSection
	GlobalSection(SolutionProperties) = preSolution
		HideSolutionNode = FALSE
	EndGlobalSection
	GlobalSection(ExtensibilityGlobals) = postSolution
		SolutionGuid = {4CF4B7D1-79E2-4ED9-8E25-3AC823020543}
	EndGlobalSection
EndGlobal
